// !$*UTF8*$!
{
	archiveVersion = 1;
	classes = {
	};
	objectVersion = 56;
	objects = {

/* Begin PBXBuildFile section */
		AA000001 /* App.swift in Sources */ = {isa = PBXBuildFile; fileRef = AA000101 /* App.swift */; };
		AA000002 /* ContentView.swift in Sources */ = {isa = PBXBuildFile; fileRef = AA000102 /* ContentView.swift */; };
/* End PBXBuildFile section */

/* Begin PBXFileReference section */
		AA000100 /* TapBox.app */ = {isa = PBXFileReference; explicitFileType = wrapper.application; includeInIndex = 0; path = TapBox.app; sourceTree = BUILT_PRODUCTS_DIR; };
		AA000101 /* App.swift */ = {isa = PBXFileReference; lastKnownFileType = sourcecode.swift; path = App.swift; sourceTree = "<group>"; };
		AA000102 /* ContentView.swift */ = {isa = PBXFileReference; lastKnownFileType = sourcecode.swift; path = ContentView.swift; sourceTree = "<group>"; };
		AA000103 /* Info.plist */ = {isa = PBXFileReference; lastKnownFileType = text.plist.xml; path = Info.plist; sourceTree = "<group>"; };
/* End PBXFileReference section */

/* Begin PBXFrameworksBuildPhase section */
		AA000201 /* Frameworks */ = {isa = PBXFrameworksBuildPhase; buildActionMask = 2147483647; files = (); runOnlyForDeploymentPostprocessing = 0; };
/* End PBXFrameworksBuildPhase section */

/* Begin PBXGroup section */
		AA000301 = {
			isa = PBXGroup;
			children = (AA000101, AA000102, AA000103);
			path = TapBox;
			sourceTree = "<group>";
		};
		AA000302 /* Products */ = {isa = PBXGroup; children = (AA000100); name = Products; sourceTree = "<group>"; };
		AA000303 = {isa = PBXGroup; children = (AA000301, AA000302); sourceTree = "<group>"; };
/* End PBXGroup section */

/* Begin PBXNativeTarget section */
		AA000401 /* TapBox */ = {
			isa = PBXNativeTarget;
			buildConfigurationList = AA000501;
			buildPhases = (AA000601, AA000201, AA000602);
			buildRules = ();
			dependencies = ();
			name = TapBox;
			productName = TapBox;
			productReference = AA000100;
			productType = "com.apple.product-type.application";
		};
/* End PBXNativeTarget section */

/* Begin PBXProject section */
		AA000701 /* Project object */ = {
			isa = PBXProject;
			attributes = { LastUpgradeCheck = 1600; };
			buildConfigurationList = AA000502;
			compatibilityVersion = "Xcode 14.0";
			developmentRegion = en;
			hasScannedForEncodings = 0;
			knownRegions = (en, Base);
			mainGroup = AA000303;
			productRefGroup = AA000302;
			projectDirPath = "";
			projectRoot = "";
			targets = (AA000401);
		};
/* End PBXProject section */

/* Begin PBXResourcesBuildPhase section */
		AA000602 /* Resources */ = {isa = PBXResourcesBuildPhase; buildActionMask = 2147483647; files = (); runOnlyForDeploymentPostprocessing = 0; };
/* End PBXResourcesBuildPhase section */

/* Begin PBXSourcesBuildPhase section */
		AA000601 /* Sources */ = {isa = PBXSourcesBuildPhase; buildActionMask = 2147483647; files = (AA000001, AA000002); runOnlyForDeploymentPostprocessing = 0; };
/* End PBXSourcesBuildPhase section */

/* Begin XCBuildConfiguration section */
		AA001001 /* Debug */ = {
			isa = XCBuildConfiguration;
			buildSettings = {
				ALWAYS_SEARCH_USER_PATHS = NO;
				CLANG_ENABLE_MODULES = YES;
				INFOPLIST_FILE = TapBox/Info.plist;
				IPHONEOS_DEPLOYMENT_TARGET = 16.0;
				PRODUCT_BUNDLE_IDENTIFIER = com.example.TapBox;
				PRODUCT_NAME = "$(TARGET_NAME)";
				SWIFT_VERSION = 5.0;
				TARGETED_DEVICE_FAMILY = "1,2";
			};
			name = Debug;
		};
		AA001002 /* Release */ = {
			isa = XCBuildConfiguration;
			buildSettings = {
				ALWAYS_SEARCH_USER_PATHS = NO;
				CLANG_ENABLE_MODULES = YES;
				INFOPLIST_FILE = TapBox/Info.plist;
				IPHONEOS_DEPLOYMENT_TARGET = 16.0;
				PRODUCT_BUNDLE_IDENTIFIER = com.example.TapBox;
				PRODUCT_NAME = "$(TARGET_NAME)";
				SWIFT_VERSION = 5.0;
				TARGETED_DEVICE_FAMILY = "1,2";
			};
			name = Release;
		};
		AA001003 /* Project Debug */ = {isa = XCBuildConfiguration; buildSettings = { ALWAYS_SEARCH_USER_PATHS = NO; }; name = Debug; };
		AA001004 /* Project Release */ = {isa = XCBuildConfiguration; buildSettings = { ALWAYS_SEARCH_USER_PATHS = NO; }; name = Release; };
/* End XCBuildConfiguration section */

/* Begin XCConfigurationList section */
		AA000501 = {isa = XCConfigurationList; buildConfigurations = (AA001001, AA001002); defaultConfigurationIsVisible = 0; defaultConfigurationName = Release; };
		AA000502 = {isa = XCConfigurationList; buildConfigurations = (AA001003, AA001004); defaultConfigurationIsVisible = 0; defaultConfigurationName = Release; };
/* End XCConfigurationList section */
	};
	rootObject = AA000701 /* Project object */;
}
